
Microsoft Visual Studio Solution File, Format Version 12.00
# Visual Studio Version 17
VisualStudioVersion = 17.11.35222.181
MinimumVisualStudioVersion = 10.0.40219.1
Project("{FAE04EC0-301F-11D3-BF4B-00C04F79EFBC}") = "BookStore", "BookStore\BookStore.csproj", "{DE08722D-238E-467E-9E33-3ACF77F09DA9}"
EndProject
Global
	GlobalSection(SolutionConfigurationPlatforms) = preSolution
		Debug|Any CPU = Debug|Any CPU
		Release|Any CPU = Release|Any CPU
	EndGlobalSection
	GlobalSection(ProjectConfigurationPlatforms) = postSolution
		{DE08722D-238E-467E-9E33-3ACF77F09DA9}.Debug|Any CPU.ActiveCfg = Debug|Any CPU
		{DE08722D-238E-467E-9E33-3ACF77F09DA9}.Debug|Any CPU.Build.0 = Debug|Any CPU
		{DE08722D-238E-467E-9E33-3ACF77F09DA9}.Release|Any CPU.ActiveCfg = Release|Any CPU
		{DE08722D-238E-467E-9E33-3ACF77F09DA9}.Release|Any CPU.Build.0 = Release|Any CPU
	EndGlobalSection
	GlobalSection(SolutionProperties) = preSolution
		HideSolutionNode = FALSE
	EndGlobalSection
	GlobalSection(ExtensibilityGlobals) = postSolution
		SolutionGuid = {B3CA75D0-A75C-448D-AA33-B934A0F2CB0F}
	EndGlobalSection
EndGlobal
